
Microsoft Visual Studio Solution File, Format Version 12.00
# Visual Studio Version 17
VisualStudioVersion = 17.13.35919.96 d17.13
MinimumVisualStudioVersion = 10.0.40219.1
Project("{FAE04EC0-301F-11D3-BF4B-00C04F79EFBC}") = "LibrarySystem", "LibrarySystem.csproj", "{7F629207-E939-467F-A774-42887AC5FE1A}"
EndProject
Global
	GlobalSection(SolutionConfigurationPlatforms) = preSolution
		Debug|Any CPU = Debug|Any CPU
		Release|Any CPU = Release|Any CPU
	EndGlobalSection
	GlobalSection(ProjectConfigurationPlatforms) = postSolution
		{7F629207-E939-467F-A774-42887AC5FE1A}.Debug|Any CPU.ActiveCfg = Debug|Any CPU
		{7F629207-E939-467F-A774-42887AC5FE1A}.Debug|Any CPU.Build.0 = Debug|Any CPU
		{7F629207-E939-467F-A774-42887AC5FE1A}.Release|Any CPU.ActiveCfg = Release|Any CPU
		{7F629207-E939-467F-A774-42887AC5FE1A}.Release|Any CPU.Build.0 = Release|Any CPU
	EndGlobalSection
	GlobalSection(SolutionProperties) = preSolution
		HideSolutionNode = FALSE
	EndGlobalSection
	GlobalSection(ExtensibilityGlobals) = postSolution
		SolutionGuid = {F1280D48-FAF1-436F-BADE-58C5E22FF94D}
	EndGlobalSection
EndGlobal
